
Microsoft Visual Studio Solution File, Format Version 12.00
# Visual Studio 15
VisualStudioVersion = 15.0.27004.2009
MinimumVisualStudioVersion = 10.0.40219.1
Project("{9A19103F-16F7-4668-BE54-9A1E7A4F7556}") = "FlightTrend.Core", "FlightTrend.Core\FlightTrend.Core.csproj", "{DE480762-6CA8-45B2-B236-8138AA8F9E3C}"
EndProject
Project("{9A19103F-16F7-4668-BE54-9A1E7A4F7556}") = "FlightTrend.PegasusAirlines", "FlightTrend.PegasusAirlines\FlightTrend.PegasusAirlines.csproj", "{D0810ADD-1AD1-4B7D-A19A-F768A12CBF49}"
EndProject
Project("{9A19103F-16F7-4668-BE54-9A1E7A4F7556}") = "FlightTrend.PegasusAirlines.Test", "FlightTrend.PegasusAirlines.Test\FlightTrend.PegasusAirlines.Test.csproj", "{EC4BD850-4774-4990-AF32-858E4F160ABF}"
EndProject
Project("{FAE04EC0-301F-11D3-BF4B-00C04F79EFBC}") = "FlightTrend.Console", "FlightTrend.Console\FlightTrend.Console.csproj", "{F98B95A8-8F79-4839-8692-FFEC890C01E9}"
EndProject
Project("{9A19103F-16F7-4668-BE54-9A1E7A4F7556}") = "FlightTrend.Core.Specifications", "FlightTrend.Core.Specifications\FlightTrend.Core.Specifications.csproj", "{CDFB29C3-EA23-4001-97A8-5160229A2BEE}"
EndProject
Project("{9A19103F-16F7-4668-BE54-9A1E7A4F7556}") = "FlightTrend.Serializers", "FlightTrend.Serializers\FlightTrend.Serializers.csproj", "{ADF13F9D-8D09-4ED9-93C2-4F44D3D376E1}"
EndProject
Project("{9A19103F-16F7-4668-BE54-9A1E7A4F7556}") = "FlightTrend.Serializers.Test", "FlightTrend.Serializers.Test\FlightTrend.Serializers.Test.csproj", "{EED15DC0-D5A2-4792-A342-FC5798018949}"
EndProject
Project("{FAE04EC0-301F-11D3-BF4B-00C04F79EFBC}") = "FlightTrend.WebApp", "FlightTrend.WebApp\FlightTrend.WebApp.csproj", "{4ACEBD95-94A6-4A33-AE96-75D2CF606CD9}"
EndProject
Project("{FAE04EC0-301F-11D3-BF4B-00C04F79EFBC}") = "FlightTrend.Repositories.AzureBlobStorage", "FlightTrend.Repositories.AzureBlobStorage\FlightTrend.Repositories.AzureBlobStorage.csproj", "{DDEE6415-0AE8-4156-BE13-C3FAB833FAAB}"
EndProject
Project("{FAE04EC0-301F-11D3-BF4B-00C04F79EFBC}") = "FlightTrend.WebApp.AzureFunctions", "FlightTrend.WebApp.AzureFunctions\FlightTrend.WebApp.AzureFunctions.csproj", "{444C6C43-35A2-4054-8E1D-9565D1A255AF}"
EndProject
Project("{FAE04EC0-301F-11D3-BF4B-00C04F79EFBC}") = "FlightTrend.Queries", "FlightTrend.Queries\FlightTrend.Queries.csproj", "{48B4FE97-62EB-4032-927E-0EA8BF68B677}"
EndProject
Project("{FAE04EC0-301F-11D3-BF4B-00C04F79EFBC}") = "FlightTrend.Register", "FlightTrend.Register\FlightTrend.Register.csproj", "{2604A8F0-9997-4AFD-BC91-A93DB5ED766D}"
EndProject
Global
	GlobalSection(SolutionConfigurationPlatforms) = preSolution
		Debug|Any CPU = Debug|Any CPU
		Release|Any CPU = Release|Any CPU
	EndGlobalSection
	GlobalSection(ProjectConfigurationPlatforms) = postSolution
		{DE480762-6CA8-45B2-B236-8138AA8F9E3C}.Debug|Any CPU.ActiveCfg = Debug|Any CPU
		{DE480762-6CA8-45B2-B236-8138AA8F9E3C}.Debug|Any CPU.Build.0 = Debug|Any CPU
		{DE480762-6CA8-45B2-B236-8138AA8F9E3C}.Release|Any CPU.ActiveCfg = Release|Any CPU
		{DE480762-6CA8-45B2-B236-8138AA8F9E3C}.Release|Any CPU.Build.0 = Release|Any CPU
		{D0810ADD-1AD1-4B7D-A19A-F768A12CBF49}.Debug|Any CPU.ActiveCfg = Debug|Any CPU
		{D0810ADD-1AD1-4B7D-A19A-F768A12CBF49}.Debug|Any CPU.Build.0 = Debug|Any CPU
		{D0810ADD-1AD1-4B7D-A19A-F768A12CBF49}.Release|Any CPU.ActiveCfg = Release|Any CPU
		{D0810ADD-1AD1-4B7D-A19A-F768A12CBF49}.Release|Any CPU.Build.0 = Release|Any CPU
		{EC4BD850-4774-4990-AF32-858E4F160ABF}.Debug|Any CPU.ActiveCfg = Debug|Any CPU
		{EC4BD850-4774-4990-AF32-858E4F160ABF}.Debug|Any CPU.Build.0 = Debug|Any CPU
		{EC4BD850-4774-4990-AF32-858E4F160ABF}.Release|Any CPU.ActiveCfg = Release|Any CPU
		{EC4BD850-4774-4990-AF32-858E4F160ABF}.Release|Any CPU.Build.0 = Release|Any CPU
		{F98B95A8-8F79-4839-8692-FFEC890C01E9}.Debug|Any CPU.ActiveCfg = Debug|Any CPU
		{F98B95A8-8F79-4839-8692-FFEC890C01E9}.Debug|Any CPU.Build.0 = Debug|Any CPU
		{F98B95A8-8F79-4839-8692-FFEC890C01E9}.Release|Any CPU.ActiveCfg = Release|Any CPU
		{F98B95A8-8F79-4839-8692-FFEC890C01E9}.Release|Any CPU.Build.0 = Release|Any CPU
		{CDFB29C3-EA23-4001-97A8-5160229A2BEE}.Debug|Any CPU.ActiveCfg = Debug|Any CPU
		{CDFB29C3-EA23-4001-97A8-5160229A2BEE}.Debug|Any CPU.Build.0 = Debug|Any CPU
		{CDFB29C3-EA23-4001-97A8-5160229A2BEE}.Release|Any CPU.ActiveCfg = Release|Any CPU
		{CDFB29C3-EA23-4001-97A8-5160229A2BEE}.Release|Any CPU.Build.0 = Release|Any CPU
		{ADF13F9D-8D09-4ED9-93C2-4F44D3D376E1}.Debug|Any CPU.ActiveCfg = Debug|Any CPU
		{ADF13F9D-8D09-4ED9-93C2-4F44D3D376E1}.Debug|Any CPU.Build.0 = Debug|Any CPU
		{ADF13F9D-8D09-4ED9-93C2-4F44D3D376E1}.Release|Any CPU.ActiveCfg = Release|Any CPU
		{ADF13F9D-8D09-4ED9-93C2-4F44D3D376E1}.Release|Any CPU.Build.0 = Release|Any CPU
		{EED15DC0-D5A2-4792-A342-FC5798018949}.Debug|Any CPU.ActiveCfg = Debug|Any CPU
		{EED15DC0-D5A2-4792-A342-FC5798018949}.Debug|Any CPU.Build.0 = Debug|Any CPU
		{EED15DC0-D5A2-4792-A342-FC5798018949}.Release|Any CPU.ActiveCfg = Release|Any CPU
		{EED15DC0-D5A2-4792-A342-FC5798018949}.Release|Any CPU.Build.0 = Release|Any CPU
		{4ACEBD95-94A6-4A33-AE96-75D2CF606CD9}.Debug|Any CPU.ActiveCfg = Debug|Any CPU
		{4ACEBD95-94A6-4A33-AE96-75D2CF606CD9}.Debug|Any CPU.Build.0 = Debug|Any CPU
		{4ACEBD95-94A6-4A33-AE96-75D2CF606CD9}.Release|Any CPU.ActiveCfg = Release|Any CPU
		{4ACEBD95-94A6-4A33-AE96-75D2CF606CD9}.Release|Any CPU.Build.0 = Release|Any CPU
		{DDEE6415-0AE8-4156-BE13-C3FAB833FAAB}.Debug|Any CPU.ActiveCfg = Debug|Any CPU
		{DDEE6415-0AE8-4156-BE13-C3FAB833FAAB}.Debug|Any CPU.Build.0 = Debug|Any CPU
		{DDEE6415-0AE8-4156-BE13-C3FAB833FAAB}.Release|Any CPU.ActiveCfg = Release|Any CPU
		{DDEE6415-0AE8-4156-BE13-C3FAB833FAAB}.Release|Any CPU.Build.0 = Release|Any CPU
		{444C6C43-35A2-4054-8E1D-9565D1A255AF}.Debug|Any CPU.ActiveCfg = Debug|Any CPU
		{444C6C43-35A2-4054-8E1D-9565D1A255AF}.Debug|Any CPU.Build.0 = Debug|Any CPU
		{444C6C43-35A2-4054-8E1D-9565D1A255AF}.Release|Any CPU.ActiveCfg = Release|Any CPU
		{444C6C43-35A2-4054-8E1D-9565D1A255AF}.Release|Any CPU.Build.0 = Release|Any CPU
		{48B4FE97-62EB-4032-927E-0EA8BF68B677}.Debug|Any CPU.ActiveCfg = Debug|Any CPU
		{48B4FE97-62EB-4032-927E-0EA8BF68B677}.Debug|Any CPU.Build.0 = Debug|Any CPU
		{48B4FE97-62EB-4032-927E-0EA8BF68B677}.Release|Any CPU.ActiveCfg = Release|Any CPU
		{48B4FE97-62EB-4032-927E-0EA8BF68B677}.Release|Any CPU.Build.0 = Release|Any CPU
		{2604A8F0-9997-4AFD-BC91-A93DB5ED766D}.Debug|Any CPU.ActiveCfg = Debug|Any CPU
		{2604A8F0-9997-4AFD-BC91-A93DB5ED766D}.Debug|Any CPU.Build.0 = Debug|Any CPU
		{2604A8F0-9997-4AFD-BC91-A93DB5ED766D}.Release|Any CPU.ActiveCfg = Release|Any CPU
		{2604A8F0-9997-4AFD-BC91-A93DB5ED766D}.Release|Any CPU.Build.0 = Release|Any CPU
	EndGlobalSection
	GlobalSection(SolutionProperties) = preSolution
		HideSolutionNode = FALSE
	EndGlobalSection
	GlobalSection(ExtensibilityGlobals) = postSolution
		SolutionGuid = {324E5872-AC5E-4D66-97E2-FD59D5E23669}
	EndGlobalSection
EndGlobal
