
Microsoft Visual Studio Solution File, Format Version 12.00
# Visual Studio 15
VisualStudioVersion = 15.0.26430.14
MinimumVisualStudioVersion = 10.0.40219.1
Project("{9A19103F-16F7-4668-BE54-9A1E7A4F7556}") = "FlightTrend.Core", "FlightTrend.Core\FlightTrend.Core.csproj", "{DE480762-6CA8-45B2-B236-8138AA8F9E3C}"
EndProject
Project("{9A19103F-16F7-4668-BE54-9A1E7A4F7556}") = "FlightTrend.PegasusAirlines", "FlightTrend.PegasusAirlines\FlightTrend.PegasusAirlines.csproj", "{D0810ADD-1AD1-4B7D-A19A-F768A12CBF49}"
EndProject
Project("{9A19103F-16F7-4668-BE54-9A1E7A4F7556}") = "FlightTrend.PegasusAirlines.Test", "FlightTrend.PegasusAirlines.Test\FlightTrend.PegasusAirlines.Test.csproj", "{EC4BD850-4774-4990-AF32-858E4F160ABF}"
EndProject
Project("{FAE04EC0-301F-11D3-BF4B-00C04F79EFBC}") = "FlightTrend.Console", "FlightTrend.Console\FlightTrend.Console.csproj", "{F98B95A8-8F79-4839-8692-FFEC890C01E9}"
EndProject
Global
	GlobalSection(SolutionConfigurationPlatforms) = preSolution
		Debug|Any CPU = Debug|Any CPU
		Release|Any CPU = Release|Any CPU
	EndGlobalSection
	GlobalSection(ProjectConfigurationPlatforms) = postSolution
		{DE480762-6CA8-45B2-B236-8138AA8F9E3C}.Debug|Any CPU.ActiveCfg = Debug|Any CPU
		{DE480762-6CA8-45B2-B236-8138AA8F9E3C}.Debug|Any CPU.Build.0 = Debug|Any CPU
		{DE480762-6CA8-45B2-B236-8138AA8F9E3C}.Release|Any CPU.ActiveCfg = Release|Any CPU
		{DE480762-6CA8-45B2-B236-8138AA8F9E3C}.Release|Any CPU.Build.0 = Release|Any CPU
		{D0810ADD-1AD1-4B7D-A19A-F768A12CBF49}.Debug|Any CPU.ActiveCfg = Debug|Any CPU
		{D0810ADD-1AD1-4B7D-A19A-F768A12CBF49}.Debug|Any CPU.Build.0 = Debug|Any CPU
		{D0810ADD-1AD1-4B7D-A19A-F768A12CBF49}.Release|Any CPU.ActiveCfg = Release|Any CPU
		{D0810ADD-1AD1-4B7D-A19A-F768A12CBF49}.Release|Any CPU.Build.0 = Release|Any CPU
		{EC4BD850-4774-4990-AF32-858E4F160ABF}.Debug|Any CPU.ActiveCfg = Debug|Any CPU
		{EC4BD850-4774-4990-AF32-858E4F160ABF}.Debug|Any CPU.Build.0 = Debug|Any CPU
		{EC4BD850-4774-4990-AF32-858E4F160ABF}.Release|Any CPU.ActiveCfg = Release|Any CPU
		{EC4BD850-4774-4990-AF32-858E4F160ABF}.Release|Any CPU.Build.0 = Release|Any CPU
		{F98B95A8-8F79-4839-8692-FFEC890C01E9}.Debug|Any CPU.ActiveCfg = Debug|Any CPU
		{F98B95A8-8F79-4839-8692-FFEC890C01E9}.Debug|Any CPU.Build.0 = Debug|Any CPU
		{F98B95A8-8F79-4839-8692-FFEC890C01E9}.Release|Any CPU.ActiveCfg = Release|Any CPU
		{F98B95A8-8F79-4839-8692-FFEC890C01E9}.Release|Any CPU.Build.0 = Release|Any CPU
	EndGlobalSection
	GlobalSection(SolutionProperties) = preSolution
		HideSolutionNode = FALSE
	EndGlobalSection
EndGlobal
